
Microsoft Visual Studio Solution File, Format Version 12.00
# Visual Studio 15
Project("{FAE04EC0-301F-11D3-BF4B-00C04F79EFBC}") = "Assembly-CSharp", "Assembly-CSharp.csproj", "{B11897CC-39D0-B960-AB6C-5F9CC4D7D0B4}"
EndProject
Project("{FAE04EC0-301F-11D3-BF4B-00C04F79EFBC}") = "Assembly-CSharp-Editor", "Assembly-CSharp-Editor.csproj", "{BEDBD7CC-74C5-DD10-AFDD-51838277A30D}"
EndProject
Global
	GlobalSection(SolutionConfigurationPlatforms) = preSolution
		Debug|Any CPU = Debug|Any CPU
		Release|Any CPU = Release|Any CPU
	EndGlobalSection
	GlobalSection(ProjectConfigurationPlatforms) = postSolution
		{B11897CC-39D0-B960-AB6C-5F9CC4D7D0B4}.Debug|Any CPU.ActiveCfg = Debug|Any CPU
		{B11897CC-39D0-B960-AB6C-5F9CC4D7D0B4}.Debug|Any CPU.Build.0 = Debug|Any CPU
		{B11897CC-39D0-B960-AB6C-5F9CC4D7D0B4}.Release|Any CPU.ActiveCfg = Release|Any CPU
		{B11897CC-39D0-B960-AB6C-5F9CC4D7D0B4}.Release|Any CPU.Build.0 = Release|Any CPU
		{BEDBD7CC-74C5-DD10-AFDD-51838277A30D}.Debug|Any CPU.ActiveCfg = Debug|Any CPU
		{BEDBD7CC-74C5-DD10-AFDD-51838277A30D}.Debug|Any CPU.Build.0 = Debug|Any CPU
		{BEDBD7CC-74C5-DD10-AFDD-51838277A30D}.Release|Any CPU.ActiveCfg = Release|Any CPU
		{BEDBD7CC-74C5-DD10-AFDD-51838277A30D}.Release|Any CPU.Build.0 = Release|Any CPU
	EndGlobalSection
	GlobalSection(SolutionProperties) = preSolution
		HideSolutionNode = FALSE
	EndGlobalSection
EndGlobal
