
Microsoft Visual Studio Solution File, Format Version 11.00
# Visual Studio 2010
Project("{FAE04EC0-301F-11D3-BF4B-00C04F79EFBC}") = "Assembly-CSharp", "Assembly-CSharp.csproj", "{3f9c294d-56d5-8b34-a24b-e83aa2bd522d}"
EndProject
Project("{FAE04EC0-301F-11D3-BF4B-00C04F79EFBC}") = "Unity.XR.Interaction.Toolkit.Samples.StarterAssets", "Unity.XR.Interaction.Toolkit.Samples.StarterAssets.csproj", "{74d494fa-1787-9234-d788-a0db2be12d90}"
EndProject
Project("{FAE04EC0-301F-11D3-BF4B-00C04F79EFBC}") = "Assembly-CSharp-Editor", "Assembly-CSharp-Editor.csproj", "{7e1296d0-56ef-e982-a641-529cea627693}"
EndProject
Project("{FAE04EC0-301F-11D3-BF4B-00C04F79EFBC}") = "Unity.XR.Interaction.Toolkit.Samples.StarterAssets.Editor", "Unity.XR.Interaction.Toolkit.Samples.StarterAssets.Editor.csproj", "{0cf07581-e825-8e6b-41f1-135326cebd1d}"
EndProject
Global
	GlobalSection(SolutionConfigurationPlatforms) = preSolution
		Debug|Any CPU = Debug|Any CPU
	EndGlobalSection
	GlobalSection(ProjectConfigurationPlatforms) = postSolution
		{3f9c294d-56d5-8b34-a24b-e83aa2bd522d}.Debug|Any CPU.ActiveCfg = Debug|Any CPU
		{3f9c294d-56d5-8b34-a24b-e83aa2bd522d}.Debug|Any CPU.Build.0 = Debug|Any CPU
		{74d494fa-1787-9234-d788-a0db2be12d90}.Debug|Any CPU.ActiveCfg = Debug|Any CPU
		{74d494fa-1787-9234-d788-a0db2be12d90}.Debug|Any CPU.Build.0 = Debug|Any CPU
		{7e1296d0-56ef-e982-a641-529cea627693}.Debug|Any CPU.ActiveCfg = Debug|Any CPU
		{7e1296d0-56ef-e982-a641-529cea627693}.Debug|Any CPU.Build.0 = Debug|Any CPU
		{0cf07581-e825-8e6b-41f1-135326cebd1d}.Debug|Any CPU.ActiveCfg = Debug|Any CPU
		{0cf07581-e825-8e6b-41f1-135326cebd1d}.Debug|Any CPU.Build.0 = Debug|Any CPU
	EndGlobalSection
	GlobalSection(SolutionProperties) = preSolution
		HideSolutionNode = FALSE
	EndGlobalSection
EndGlobal
